
Microsoft Visual Studio Solution File, Format Version 12.00
# Visual Studio 15
VisualStudioVersion = 15.0.26124.0
MinimumVisualStudioVersion = 15.0.26124.0
Project("{FAE04EC0-301F-11D3-BF4B-00C04F79EFBC}") = "Sudoku.Benchmark", "Sudoku.Benchmark\Sudoku.Benchmark.csproj", "{F1AAE66C-7D9C-4EAB-9727-63E9611AF7F2}"
EndProject
Project("{FAE04EC0-301F-11D3-BF4B-00C04F79EFBC}") = "Sudoku.BrutalSimplicity", "Sudoku.BrutalSimplicity\Sudoku.BrutalSimplicity.csproj", "{46EC60E9-68CD-4B64-A4B1-1540C9929263}"
EndProject
Project("{FAE04EC0-301F-11D3-BF4B-00C04F79EFBC}") = "Sudoku.DP", "Sudoku.DP\Sudoku.DP.csproj", "{5C7EF1CE-EAD8-46E7-ABFF-AB599AD53D4B}"
EndProject
Project("{FAE04EC0-301F-11D3-BF4B-00C04F79EFBC}") = "Sudoku.Interface", "Sudoku.Interface\Sudoku.Interface.csproj", "{F8A34E53-A94E-40DF-A90F-9FB99E25980E}"
EndProject
Global
	GlobalSection(SolutionConfigurationPlatforms) = preSolution
		Debug|Any CPU = Debug|Any CPU
		Debug|x64 = Debug|x64
		Debug|x86 = Debug|x86
		Release|Any CPU = Release|Any CPU
		Release|x64 = Release|x64
		Release|x86 = Release|x86
	EndGlobalSection
	GlobalSection(SolutionProperties) = preSolution
		HideSolutionNode = FALSE
	EndGlobalSection
	GlobalSection(ProjectConfigurationPlatforms) = postSolution
		{F1AAE66C-7D9C-4EAB-9727-63E9611AF7F2}.Debug|Any CPU.ActiveCfg = Debug|Any CPU
		{F1AAE66C-7D9C-4EAB-9727-63E9611AF7F2}.Debug|Any CPU.Build.0 = Debug|Any CPU
		{F1AAE66C-7D9C-4EAB-9727-63E9611AF7F2}.Debug|x64.ActiveCfg = Debug|Any CPU
		{F1AAE66C-7D9C-4EAB-9727-63E9611AF7F2}.Debug|x64.Build.0 = Debug|Any CPU
		{F1AAE66C-7D9C-4EAB-9727-63E9611AF7F2}.Debug|x86.ActiveCfg = Debug|Any CPU
		{F1AAE66C-7D9C-4EAB-9727-63E9611AF7F2}.Debug|x86.Build.0 = Debug|Any CPU
		{F1AAE66C-7D9C-4EAB-9727-63E9611AF7F2}.Release|Any CPU.ActiveCfg = Release|Any CPU
		{F1AAE66C-7D9C-4EAB-9727-63E9611AF7F2}.Release|Any CPU.Build.0 = Release|Any CPU
		{F1AAE66C-7D9C-4EAB-9727-63E9611AF7F2}.Release|x64.ActiveCfg = Release|Any CPU
		{F1AAE66C-7D9C-4EAB-9727-63E9611AF7F2}.Release|x64.Build.0 = Release|Any CPU
		{F1AAE66C-7D9C-4EAB-9727-63E9611AF7F2}.Release|x86.ActiveCfg = Release|Any CPU
		{F1AAE66C-7D9C-4EAB-9727-63E9611AF7F2}.Release|x86.Build.0 = Release|Any CPU
		{46EC60E9-68CD-4B64-A4B1-1540C9929263}.Debug|Any CPU.ActiveCfg = Debug|Any CPU
		{46EC60E9-68CD-4B64-A4B1-1540C9929263}.Debug|Any CPU.Build.0 = Debug|Any CPU
		{46EC60E9-68CD-4B64-A4B1-1540C9929263}.Debug|x64.ActiveCfg = Debug|Any CPU
		{46EC60E9-68CD-4B64-A4B1-1540C9929263}.Debug|x64.Build.0 = Debug|Any CPU
		{46EC60E9-68CD-4B64-A4B1-1540C9929263}.Debug|x86.ActiveCfg = Debug|Any CPU
		{46EC60E9-68CD-4B64-A4B1-1540C9929263}.Debug|x86.Build.0 = Debug|Any CPU
		{46EC60E9-68CD-4B64-A4B1-1540C9929263}.Release|Any CPU.ActiveCfg = Release|Any CPU
		{46EC60E9-68CD-4B64-A4B1-1540C9929263}.Release|Any CPU.Build.0 = Release|Any CPU
		{46EC60E9-68CD-4B64-A4B1-1540C9929263}.Release|x64.ActiveCfg = Release|Any CPU
		{46EC60E9-68CD-4B64-A4B1-1540C9929263}.Release|x64.Build.0 = Release|Any CPU
		{46EC60E9-68CD-4B64-A4B1-1540C9929263}.Release|x86.ActiveCfg = Release|Any CPU
		{46EC60E9-68CD-4B64-A4B1-1540C9929263}.Release|x86.Build.0 = Release|Any CPU
		{5C7EF1CE-EAD8-46E7-ABFF-AB599AD53D4B}.Debug|Any CPU.ActiveCfg = Debug|Any CPU
		{5C7EF1CE-EAD8-46E7-ABFF-AB599AD53D4B}.Debug|Any CPU.Build.0 = Debug|Any CPU
		{5C7EF1CE-EAD8-46E7-ABFF-AB599AD53D4B}.Debug|x64.ActiveCfg = Debug|Any CPU
		{5C7EF1CE-EAD8-46E7-ABFF-AB599AD53D4B}.Debug|x64.Build.0 = Debug|Any CPU
		{5C7EF1CE-EAD8-46E7-ABFF-AB599AD53D4B}.Debug|x86.ActiveCfg = Debug|Any CPU
		{5C7EF1CE-EAD8-46E7-ABFF-AB599AD53D4B}.Debug|x86.Build.0 = Debug|Any CPU
		{5C7EF1CE-EAD8-46E7-ABFF-AB599AD53D4B}.Release|Any CPU.ActiveCfg = Release|Any CPU
		{5C7EF1CE-EAD8-46E7-ABFF-AB599AD53D4B}.Release|Any CPU.Build.0 = Release|Any CPU
		{5C7EF1CE-EAD8-46E7-ABFF-AB599AD53D4B}.Release|x64.ActiveCfg = Release|Any CPU
		{5C7EF1CE-EAD8-46E7-ABFF-AB599AD53D4B}.Release|x64.Build.0 = Release|Any CPU
		{5C7EF1CE-EAD8-46E7-ABFF-AB599AD53D4B}.Release|x86.ActiveCfg = Release|Any CPU
		{5C7EF1CE-EAD8-46E7-ABFF-AB599AD53D4B}.Release|x86.Build.0 = Release|Any CPU
		{F8A34E53-A94E-40DF-A90F-9FB99E25980E}.Debug|Any CPU.ActiveCfg = Debug|Any CPU
		{F8A34E53-A94E-40DF-A90F-9FB99E25980E}.Debug|Any CPU.Build.0 = Debug|Any CPU
		{F8A34E53-A94E-40DF-A90F-9FB99E25980E}.Debug|x64.ActiveCfg = Debug|Any CPU
		{F8A34E53-A94E-40DF-A90F-9FB99E25980E}.Debug|x64.Build.0 = Debug|Any CPU
		{F8A34E53-A94E-40DF-A90F-9FB99E25980E}.Debug|x86.ActiveCfg = Debug|Any CPU
		{F8A34E53-A94E-40DF-A90F-9FB99E25980E}.Debug|x86.Build.0 = Debug|Any CPU
		{F8A34E53-A94E-40DF-A90F-9FB99E25980E}.Release|Any CPU.ActiveCfg = Release|Any CPU
		{F8A34E53-A94E-40DF-A90F-9FB99E25980E}.Release|Any CPU.Build.0 = Release|Any CPU
		{F8A34E53-A94E-40DF-A90F-9FB99E25980E}.Release|x64.ActiveCfg = Release|Any CPU
		{F8A34E53-A94E-40DF-A90F-9FB99E25980E}.Release|x64.Build.0 = Release|Any CPU
		{F8A34E53-A94E-40DF-A90F-9FB99E25980E}.Release|x86.ActiveCfg = Release|Any CPU
		{F8A34E53-A94E-40DF-A90F-9FB99E25980E}.Release|x86.Build.0 = Release|Any CPU
	EndGlobalSection
EndGlobal
